
Microsoft Visual Studio Solution File, Format Version 12.00
# Visual Studio Version 17
VisualStudioVersion = 17.14.36212.18
MinimumVisualStudioVersion = 10.0.40219.1
Project("{FAE04EC0-301F-11D3-BF4B-00C04F79EFBC}") = "Factory_Method", "Factory_Pattern\Factory_Method.csproj", "{6443318A-1DA3-4CF3-B323-DBEB334B94B2}"
EndProject
Project("{FAE04EC0-301F-11D3-BF4B-00C04F79EFBC}") = "Abstract_Factory", "Abstract_Factory\Abstract_Factory.csproj", "{650D9C6D-E7EA-4C85-A567-AD437BFC008F}"
EndProject
Project("{FAE04EC0-301F-11D3-BF4B-00C04F79EFBC}") = "Prototype", "Prototype_Pattern\Prototype.csproj", "{7606CE81-5549-4A6C-BA14-3661D32A54B7}"
EndProject
Project("{FAE04EC0-301F-11D3-BF4B-00C04F79EFBC}") = "Builder", "Build_Pattern\Builder.csproj", "{AE9BBFB4-07D4-4591-8043-69985E7B9268}"
EndProject
Project("{FAE04EC0-301F-11D3-BF4B-00C04F79EFBC}") = "Adapter", "Adapter_Pattern\Adapter.csproj", "{E6036A28-E6CF-4FD8-8EB5-921B204433F9}"
EndProject
Project("{FAE04EC0-301F-11D3-BF4B-00C04F79EFBC}") = "Bridge", "Bridge_Pattern\Bridge.csproj", "{ACCA9F8A-27F0-4C4C-89A8-CF234A10D1F3}"
EndProject
Project("{FAE04EC0-301F-11D3-BF4B-00C04F79EFBC}") = "Singleton", "Singleton_Pattern\Singleton.csproj", "{08C9F550-F6DD-4624-9B0A-C4D1703E5B40}"
EndProject
Project("{FAE04EC0-301F-11D3-BF4B-00C04F79EFBC}") = "Composite", "Composite_Pattern\Composite.csproj", "{1F3642CC-E645-43D0-A7B3-C1BFA2C85626}"
EndProject
Project("{2150E333-8FDC-42A3-9474-1A3956D46DE8}") = "Creational Patterns", "Creational Patterns", "{02EA681E-C7D8-13C7-8484-4AC65E1B71E8}"
EndProject
Project("{2150E333-8FDC-42A3-9474-1A3956D46DE8}") = "Structural Patterns", "Structural Patterns", "{B6452793-8561-4ED7-9C05-F141FC6D1A12}"
EndProject
Project("{FAE04EC0-301F-11D3-BF4B-00C04F79EFBC}") = "Decorator", "Decorator\Decorator.csproj", "{C564DBB5-C5F7-4B08-BA14-1169F42F7A67}"
EndProject
Global
	GlobalSection(SolutionConfigurationPlatforms) = preSolution
		Debug|Any CPU = Debug|Any CPU
		Release|Any CPU = Release|Any CPU
	EndGlobalSection
	GlobalSection(ProjectConfigurationPlatforms) = postSolution
		{6443318A-1DA3-4CF3-B323-DBEB334B94B2}.Debug|Any CPU.ActiveCfg = Debug|Any CPU
		{6443318A-1DA3-4CF3-B323-DBEB334B94B2}.Debug|Any CPU.Build.0 = Debug|Any CPU
		{6443318A-1DA3-4CF3-B323-DBEB334B94B2}.Release|Any CPU.ActiveCfg = Release|Any CPU
		{6443318A-1DA3-4CF3-B323-DBEB334B94B2}.Release|Any CPU.Build.0 = Release|Any CPU
		{650D9C6D-E7EA-4C85-A567-AD437BFC008F}.Debug|Any CPU.ActiveCfg = Debug|Any CPU
		{650D9C6D-E7EA-4C85-A567-AD437BFC008F}.Debug|Any CPU.Build.0 = Debug|Any CPU
		{650D9C6D-E7EA-4C85-A567-AD437BFC008F}.Release|Any CPU.ActiveCfg = Release|Any CPU
		{650D9C6D-E7EA-4C85-A567-AD437BFC008F}.Release|Any CPU.Build.0 = Release|Any CPU
		{7606CE81-5549-4A6C-BA14-3661D32A54B7}.Debug|Any CPU.ActiveCfg = Debug|Any CPU
		{7606CE81-5549-4A6C-BA14-3661D32A54B7}.Debug|Any CPU.Build.0 = Debug|Any CPU
		{7606CE81-5549-4A6C-BA14-3661D32A54B7}.Release|Any CPU.ActiveCfg = Release|Any CPU
		{7606CE81-5549-4A6C-BA14-3661D32A54B7}.Release|Any CPU.Build.0 = Release|Any CPU
		{AE9BBFB4-07D4-4591-8043-69985E7B9268}.Debug|Any CPU.ActiveCfg = Debug|Any CPU
		{AE9BBFB4-07D4-4591-8043-69985E7B9268}.Debug|Any CPU.Build.0 = Debug|Any CPU
		{AE9BBFB4-07D4-4591-8043-69985E7B9268}.Release|Any CPU.ActiveCfg = Release|Any CPU
		{AE9BBFB4-07D4-4591-8043-69985E7B9268}.Release|Any CPU.Build.0 = Release|Any CPU
		{E6036A28-E6CF-4FD8-8EB5-921B204433F9}.Debug|Any CPU.ActiveCfg = Debug|Any CPU
		{E6036A28-E6CF-4FD8-8EB5-921B204433F9}.Debug|Any CPU.Build.0 = Debug|Any CPU
		{E6036A28-E6CF-4FD8-8EB5-921B204433F9}.Release|Any CPU.ActiveCfg = Release|Any CPU
		{E6036A28-E6CF-4FD8-8EB5-921B204433F9}.Release|Any CPU.Build.0 = Release|Any CPU
		{ACCA9F8A-27F0-4C4C-89A8-CF234A10D1F3}.Debug|Any CPU.ActiveCfg = Debug|Any CPU
		{ACCA9F8A-27F0-4C4C-89A8-CF234A10D1F3}.Debug|Any CPU.Build.0 = Debug|Any CPU
		{ACCA9F8A-27F0-4C4C-89A8-CF234A10D1F3}.Release|Any CPU.ActiveCfg = Release|Any CPU
		{ACCA9F8A-27F0-4C4C-89A8-CF234A10D1F3}.Release|Any CPU.Build.0 = Release|Any CPU
		{08C9F550-F6DD-4624-9B0A-C4D1703E5B40}.Debug|Any CPU.ActiveCfg = Debug|Any CPU
		{08C9F550-F6DD-4624-9B0A-C4D1703E5B40}.Debug|Any CPU.Build.0 = Debug|Any CPU
		{08C9F550-F6DD-4624-9B0A-C4D1703E5B40}.Release|Any CPU.ActiveCfg = Release|Any CPU
		{08C9F550-F6DD-4624-9B0A-C4D1703E5B40}.Release|Any CPU.Build.0 = Release|Any CPU
		{1F3642CC-E645-43D0-A7B3-C1BFA2C85626}.Debug|Any CPU.ActiveCfg = Debug|Any CPU
		{1F3642CC-E645-43D0-A7B3-C1BFA2C85626}.Debug|Any CPU.Build.0 = Debug|Any CPU
		{1F3642CC-E645-43D0-A7B3-C1BFA2C85626}.Release|Any CPU.ActiveCfg = Release|Any CPU
		{1F3642CC-E645-43D0-A7B3-C1BFA2C85626}.Release|Any CPU.Build.0 = Release|Any CPU
		{C564DBB5-C5F7-4B08-BA14-1169F42F7A67}.Debug|Any CPU.ActiveCfg = Debug|Any CPU
		{C564DBB5-C5F7-4B08-BA14-1169F42F7A67}.Debug|Any CPU.Build.0 = Debug|Any CPU
		{C564DBB5-C5F7-4B08-BA14-1169F42F7A67}.Release|Any CPU.ActiveCfg = Release|Any CPU
		{C564DBB5-C5F7-4B08-BA14-1169F42F7A67}.Release|Any CPU.Build.0 = Release|Any CPU
	EndGlobalSection
	GlobalSection(SolutionProperties) = preSolution
		HideSolutionNode = FALSE
	EndGlobalSection
	GlobalSection(NestedProjects) = preSolution
		{6443318A-1DA3-4CF3-B323-DBEB334B94B2} = {02EA681E-C7D8-13C7-8484-4AC65E1B71E8}
		{650D9C6D-E7EA-4C85-A567-AD437BFC008F} = {02EA681E-C7D8-13C7-8484-4AC65E1B71E8}
		{7606CE81-5549-4A6C-BA14-3661D32A54B7} = {02EA681E-C7D8-13C7-8484-4AC65E1B71E8}
		{AE9BBFB4-07D4-4591-8043-69985E7B9268} = {02EA681E-C7D8-13C7-8484-4AC65E1B71E8}
		{E6036A28-E6CF-4FD8-8EB5-921B204433F9} = {B6452793-8561-4ED7-9C05-F141FC6D1A12}
		{ACCA9F8A-27F0-4C4C-89A8-CF234A10D1F3} = {B6452793-8561-4ED7-9C05-F141FC6D1A12}
		{08C9F550-F6DD-4624-9B0A-C4D1703E5B40} = {02EA681E-C7D8-13C7-8484-4AC65E1B71E8}
		{1F3642CC-E645-43D0-A7B3-C1BFA2C85626} = {B6452793-8561-4ED7-9C05-F141FC6D1A12}
		{C564DBB5-C5F7-4B08-BA14-1169F42F7A67} = {B6452793-8561-4ED7-9C05-F141FC6D1A12}
	EndGlobalSection
	GlobalSection(ExtensibilityGlobals) = postSolution
		SolutionGuid = {67220927-6A7A-409E-AC1D-A6FF60467333}
	EndGlobalSection
EndGlobal
